{
  "lockfile_version": "1",
  "packages": {
    "eza@latest": {
      "last_modified": "2026-08-01T16:34:20Z",
      "resolved": "github:NixOS/nixpkgs/a5cbcfe954791221bfffe2307f7d1a1bf61a871e#eza",
      "source": "devbox-search",
      "version": "0.23.5",
      "systems": {
        "aarch64-darwin": {
          "outputs": [
            {
              "name": "out",
              "path": "/nix/store/9a67by3sv5x4ncmhirfliqjmia2n5zw9-eza-0.23.5",
              "default": true
            },
            {
              "name": "man",
              "path": "/nix/store/4xk1wsspc7wam0m2h73fcbs1asb9pvv3-eza-0.23.5-man",
              "default": true
            }
          ],
          "store_path": "/nix/store/9a67by3sv5x4ncmhirfliqjmia2n5zw9-eza-0.23.5"
        },
        "aarch64-linux": {
          "outputs": [
            {
              "name": "out",
              "path": "/nix/store/xzx727lk7psfy58za11a19j9k60v5jmq-eza-0.23.5",
              "default": true
            },
            {
              "name": "man",
              "path": "/nix/store/pcaf8as9nhiphippxh1dp5bv9k7r7y95-eza-0.23.5-man",
              "default": true
            }
          ],
          "store_path": "/nix/store/xzx727lk7psfy58za11a19j9k60v5jmq-eza-0.23.5"
        },
        "x86_64-linux": {
          "outputs": [
            {
              "name": "out",
              "path": "/nix/store/ilcq4d0jcl697xmdjwaz3mmkin55ahws-eza-0.23.5",
              "default": true
            },
            {
              "name": "man",
              "path": "/nix/store/2ygqq6z5ms3xdgn53srqhj57yrv7yml8-eza-0.23.5-man",
              "default": true
            }
          ],
          "store_path": "/nix/store/ilcq4d0jcl697xmdjwaz3mmkin55ahws-eza-0.23.5"
        }
      }
    },
    "fzf@latest": {
      "last_modified": "2026-08-01T16:34:20Z",
      "resolved": "github:NixOS/nixpkgs/a5cbcfe954791221bfffe2307f7d1a1bf61a871e#fzf",
      "source": "devbox-search",
      "version": "0.74.2",
      "systems": {
        "aarch64-darwin": {
          "outputs": [
            {
              "name": "out",
              "path": "/nix/store/m5f8sfhsn7lsw9dq8mbwj57d5s5gvls5-fzf-0.74.2",
              "default": true
            },
            {
              "name": "man",
              "path": "/nix/store/x97zmdam9wgkm256nyjgav9fy43f6nxr-fzf-0.74.2-man",
              "default": true
            }
          ],
          "store_path": "/nix/store/m5f8sfhsn7lsw9dq8mbwj57d5s5gvls5-fzf-0.74.2"
        },
        "aarch64-linux": {
          "outputs": [
            {
              "name": "out",
              "path": "/nix/store/axkz0hxi5mf8351iinz1i7h53dqlfahp-fzf-0.74.2",
              "default": true
            },
            {
              "name": "man",
              "path": "/nix/store/mcgbz2qr5pssigadigvp4zmm41p6kxws-fzf-0.74.2-man",
              "default": true
            }
          ],
          "store_path": "/nix/store/axkz0hxi5mf8351iinz1i7h53dqlfahp-fzf-0.74.2"
        },
        "x86_64-linux": {
          "outputs": [
            {
              "name": "out",
              "path": "/nix/store/q9na80xlbr9gh0607h13hmdx9ljzslng-fzf-0.74.2",
              "default": true
            },
            {
              "name": "man",
              "path": "/nix/store/n8kyh1r2184dyjhmhxx139xsvikgafz8-fzf-0.74.2-man",
              "default": true
            }
          ],
          "store_path": "/nix/store/q9na80xlbr9gh0607h13hmdx9ljzslng-fzf-0.74.2"
        }
      }
    },
    "git@latest": {
      "last_modified": "2026-08-01T16:34:20Z",
      "resolved": "github:NixOS/nixpkgs/a5cbcfe954791221bfffe2307f7d1a1bf61a871e#git",
      "source": "devbox-search",
      "version": "2.55.0",
      "systems": {
        "aarch64-darwin": {
          "outputs": [
            {
              "name": "out",
              "path": "/nix/store/rim5n939lwjc8mah63ld1q31i6n7bvf0-git-2.55.0",
              "default": true
            },
            {
              "name": "doc",
              "path": "/nix/store/y34pxb3x3h1gyvcfvanqlfjzm0c86cb4-git-2.55.0-doc"
            }
          ],
          "store_path": "/nix/store/rim5n939lwjc8mah63ld1q31i6n7bvf0-git-2.55.0"
        },
        "aarch64-linux": {
          "outputs": [
            {
              "name": "out",
              "path": "/nix/store/v2iradivx07xjqwk2q71i57pwxw6wh4g-git-2.55.0",
              "default": true
            },
            {
              "name": "debug",
              "path": "/nix/store/nsck4ncjjmdy8c5h83yw297c7xxv64xx-git-2.55.0-debug"
            },
            {
              "name": "doc",
              "path": "/nix/store/bz8bdi34lg4w10kxs9bm93658ary5rrz-git-2.55.0-doc"
            }
          ],
          "store_path": "/nix/store/v2iradivx07xjqwk2q71i57pwxw6wh4g-git-2.55.0"
        },
        "x86_64-linux": {
          "outputs": [
            {
              "name": "out",
              "path": "/nix/store/6f0qqak4qbcrbw4f750phr88c9yhpf5s-git-2.55.0",
              "default": true
            },
            {
              "name": "debug",
              "path": "/nix/store/rwiamhfaqkns90xsalafayg01afk3pza-git-2.55.0-debug"
            },
            {
              "name": "doc",
              "path": "/nix/store/bddpyi6cgkp3v8f58i900hymgfvkyag5-git-2.55.0-doc"
            }
          ],
          "store_path": "/nix/store/6f0qqak4qbcrbw4f750phr88c9yhpf5s-git-2.55.0"
        }
      }
    },
    "github:NixOS/nixpkgs/nixpkgs-unstable": {
      "last_modified": "2026-08-13T03:55:42Z",
      "resolved": "github:NixOS/nixpkgs/6b5e5b7a6631f065bf6908986990b37d845f847f?lastModified=1786593342&narHash=sha256-smTKQXMLLStzc8zJevMCckbk3My7SvbbLmPYZUJJKW4%3D"
    },
    "neovim@latest": {
      "last_modified": "2026-08-01T16:34:20Z",
      "resolved": "github:NixOS/nixpkgs/a5cbcfe954791221bfffe2307f7d1a1bf61a871e#neovim",
      "source": "devbox-search",
      "version": "0.12.4",
      "systems": {
        "aarch64-darwin": {
          "outputs": [
            {
              "name": "out",
              "path": "/nix/store/aybgc590k5l2f1a4hg37msdf44i17x37-neovim-0.12.4",
              "default": true
            }
          ],
          "store_path": "/nix/store/aybgc590k5l2f1a4hg37msdf44i17x37-neovim-0.12.4"
        },
        "aarch64-linux": {
          "outputs": [
            {
              "name": "out",
              "path": "/nix/store/i76n7m4m2bnlmqnxc9spx2f1fdhybq4i-neovim-0.12.4",
              "default": true
            }
          ],
          "store_path": "/nix/store/i76n7m4m2bnlmqnxc9spx2f1fdhybq4i-neovim-0.12.4"
        },
        "x86_64-darwin": {
          "outputs": [
            {
              "name": "out",
              "path": "/nix/store/qaylcpy5afhc6mgxhc50yj0gh0smx9h4-neovim-0.12.4",
              "default": true
            }
          ],
          "store_path": "/nix/store/qaylcpy5afhc6mgxhc50yj0gh0smx9h4-neovim-0.12.4"
        },
        "x86_64-linux": {
          "outputs": [
            {
              "name": "out",
              "path": "/nix/store/w59xhyc9iaprfx7ghck24vsa8gwi47d1-neovim-0.12.4",
              "default": true
            }
          ],
          "store_path": "/nix/store/w59xhyc9iaprfx7ghck24vsa8gwi47d1-neovim-0.12.4"
        }
      }
    },
    "nodejs@latest": {
      "last_modified": "2026-08-06T00:10:29Z",
      "plugin_version": "0.0.4",
      "resolved": "github:NixOS/nixpkgs/70ce234312134a463ba7728e94da2486a1d237ac#nodejs_26",
      "source": "devbox-search",
      "version": "26.7.0",
      "systems": {
        "aarch64-darwin": {
          "outputs": [
            {
              "name": "out",
              "path": "/nix/store/f7n3say8yjkjcqqcik422kcvjagdvp8c-nodejs-26.7.0",
              "default": true
            }
          ],
          "store_path": "/nix/store/f7n3say8yjkjcqqcik422kcvjagdvp8c-nodejs-26.7.0"
        },
        "aarch64-linux": {
          "outputs": [
            {
              "name": "out",
              "path": "/nix/store/i466p6dl3yfmlpd83zl0pvd8gzjh5yj4-nodejs-26.7.0",
              "default": true
            }
          ],
          "store_path": "/nix/store/i466p6dl3yfmlpd83zl0pvd8gzjh5yj4-nodejs-26.7.0"
        },
        "x86_64-linux": {
          "outputs": [
            {
              "name": "out",
              "path": "/nix/store/jbr8baiszp449aacg17k0z59bs3v48as-nodejs-26.7.0",
              "default": true
            }
          ],
          "store_path": "/nix/store/jbr8baiszp449aacg17k0z59bs3v48as-nodejs-26.7.0"
        }
      }
    },
    "ripgrep@latest": {
      "last_modified": "2026-08-01T16:34:20Z",
      "resolved": "github:NixOS/nixpkgs/a5cbcfe954791221bfffe2307f7d1a1bf61a871e#ripgrep",
      "source": "devbox-search",
      "version": "15.2.0",
      "systems": {
        "aarch64-darwin": {
          "outputs": [
            {
              "name": "out",
              "path": "/nix/store/d269b55pk3m8bfzmf4fjd9nj57vick1n-ripgrep-15.2.0",
              "default": true
            }
          ],
          "store_path": "/nix/store/d269b55pk3m8bfzmf4fjd9nj57vick1n-ripgrep-15.2.0"
        },
        "aarch64-linux": {
          "outputs": [
            {
              "name": "out",
              "path": "/nix/store/19wxr8hcynk6025kq7yk3vmv6j2yjz21-ripgrep-15.2.0",
              "default": true
            }
          ],
          "store_path": "/nix/store/19wxr8hcynk6025kq7yk3vmv6j2yjz21-ripgrep-15.2.0"
        },
        "x86_64-linux": {
          "outputs": [
            {
              "name": "out",
              "path": "/nix/store/7jxi8055xhmw6jw567p1m6b7giwmznhf-ripgrep-15.2.0",
              "default": true
            }
          ],
          "store_path": "/nix/store/7jxi8055xhmw6jw567p1m6b7giwmznhf-ripgrep-15.2.0"
        }
      }
    },
    "starship@latest": {
      "last_modified": "2026-08-03T09:05:39Z",
      "resolved": "github:NixOS/nixpkgs/104240a772428cc2e20d8fd86c9ddbb886bbaff2#starship",
      "source": "devbox-search",
      "version": "1.26.0",
      "systems": {
        "aarch64-darwin": {
          "outputs": [
            {
              "name": "out",
              "path": "/nix/store/ny6wqwi61p1v279cai4pid2mql43c6dg-starship-1.26.0",
              "default": true
            }
          ],
          "store_path": "/nix/store/ny6wqwi61p1v279cai4pid2mql43c6dg-starship-1.26.0"
        },
        "aarch64-linux": {
          "outputs": [
            {
              "name": "out",
              "path": "/nix/store/i6hnpl7x3d7a0hgajncig5xvwqj5nm90-starship-1.26.0",
              "default": true
            }
          ],
          "store_path": "/nix/store/i6hnpl7x3d7a0hgajncig5xvwqj5nm90-starship-1.26.0"
        },
        "x86_64-darwin": {
          "outputs": [
            {
              "name": "out",
              "path": "/nix/store/mpyjw3wc4ns7gwdaljq1dnsxj0dv3pdf-starship-1.26.0",
              "default": true
            }
          ],
          "store_path": "/nix/store/mpyjw3wc4ns7gwdaljq1dnsxj0dv3pdf-starship-1.26.0"
        },
        "x86_64-linux": {
          "outputs": [
            {
              "name": "out",
              "path": "/nix/store/h6d5lkbqsvlsr4bdqlpmc2r4k5fljama-starship-1.26.0",
              "default": true
            }
          ],
          "store_path": "/nix/store/h6d5lkbqsvlsr4bdqlpmc2r4k5fljama-starship-1.26.0"
        }
      }
    },
    "stow@latest": {
      "last_modified": "2026-08-01T16:34:20Z",
      "resolved": "github:NixOS/nixpkgs/a5cbcfe954791221bfffe2307f7d1a1bf61a871e#stow",
      "source": "devbox-search",
      "version": "2.4.1",
      "systems": {
        "aarch64-darwin": {
          "outputs": [
            {
              "name": "out",
              "path": "/nix/store/a7ps6hsd0bn3mf16iajrr8nd4211zmqw-stow-2.4.1",
              "default": true
            }
          ],
          "store_path": "/nix/store/a7ps6hsd0bn3mf16iajrr8nd4211zmqw-stow-2.4.1"
        },
        "aarch64-linux": {
          "outputs": [
            {
              "name": "out",
              "path": "/nix/store/4jiwarrqnindsn4rx9jl5ka4ql70crvh-stow-2.4.1",
              "default": true
            }
          ],
          "store_path": "/nix/store/4jiwarrqnindsn4rx9jl5ka4ql70crvh-stow-2.4.1"
        },
        "x86_64-darwin": {
          "outputs": [
            {
              "name": "out",
              "path": "/nix/store/gvk9qs2zj7lkwap0ri5zzdigdzhx74ny-stow-2.4.1",
              "default": true
            }
          ],
          "store_path": "/nix/store/gvk9qs2zj7lkwap0ri5zzdigdzhx74ny-stow-2.4.1"
        },
        "x86_64-linux": {
          "outputs": [
            {
              "name": "out",
              "path": "/nix/store/hy90lnmm1azzfw0xpw8pg2i09fv127nb-stow-2.4.1",
              "default": true
            }
          ],
          "store_path": "/nix/store/hy90lnmm1azzfw0xpw8pg2i09fv127nb-stow-2.4.1"
        }
      }
    },
    "tmux@latest": {
      "last_modified": "2026-06-29T11:10:55Z",
      "resolved": "github:NixOS/nixpkgs/9c4c05a947a91dc14625265fab505fb695e93218#tmux",
      "source": "devbox-search",
      "version": "3.7",
      "systems": {
        "aarch64-darwin": {
          "outputs": [
            {
              "name": "out",
              "path": "/nix/store/qwv02z5zz1w5a7zp9f5n9cvya9irsi0d-tmux-3.7",
              "default": true
            },
            {
              "name": "man",
              "path": "/nix/store/9bp371vjn5ahs9z95mya79am375pnydd-tmux-3.7-man",
              "default": true
            }
          ],
          "store_path": "/nix/store/qwv02z5zz1w5a7zp9f5n9cvya9irsi0d-tmux-3.7"
        },
        "aarch64-linux": {
          "outputs": [
            {
              "name": "out",
              "path": "/nix/store/6casznjgcl0746l8lm96206g0c2wcqic-tmux-3.7",
              "default": true
            },
            {
              "name": "man",
              "path": "/nix/store/zpywda5dy8fd7y047rznkyqi0bxv4ncg-tmux-3.7-man",
              "default": true
            }
          ],
          "store_path": "/nix/store/6casznjgcl0746l8lm96206g0c2wcqic-tmux-3.7"
        },
        "x86_64-darwin": {
          "outputs": [
            {
              "name": "out",
              "path": "/nix/store/jqlg9gi2h0hna454yq9z3kvgppj5slg8-tmux-3.7",
              "default": true
            },
            {
              "name": "man",
              "path": "/nix/store/axwf2as5yqmj73b312ym10n07f9gzzif-tmux-3.7-man",
              "default": true
            }
          ],
          "store_path": "/nix/store/jqlg9gi2h0hna454yq9z3kvgppj5slg8-tmux-3.7"
        },
        "x86_64-linux": {
          "outputs": [
            {
              "name": "out",
              "path": "/nix/store/7gymypzb9vclhpwphkya6x1ykpf4gkx2-tmux-3.7",
              "default": true
            },
            {
              "name": "man",
              "path": "/nix/store/0h9lbd8msi4i7blxldxzc0jb4b1k10r0-tmux-3.7-man",
              "default": true
            }
          ],
          "store_path": "/nix/store/7gymypzb9vclhpwphkya6x1ykpf4gkx2-tmux-3.7"
        }
      }
    },
    "vim@latest": {
      "last_modified": "2026-08-01T16:34:20Z",
      "resolved": "github:NixOS/nixpkgs/a5cbcfe954791221bfffe2307f7d1a1bf61a871e#vim",
      "source": "devbox-search",
      "version": "9.2.0782",
      "systems": {
        "aarch64-darwin": {
          "outputs": [
            {
              "name": "out",
              "path": "/nix/store/4irnlynd70ms1zjyhhgivdz7fmp1syzr-vim-9.2.0782",
              "default": true
            },
            {
              "name": "xxd",
              "path": "/nix/store/dyyrgsym5rdh59dpgqbqwngsd5gr9igf-vim-9.2.0782-xxd",
              "default": true
            }
          ],
          "store_path": "/nix/store/4irnlynd70ms1zjyhhgivdz7fmp1syzr-vim-9.2.0782"
        },
        "aarch64-linux": {
          "outputs": [
            {
              "name": "out",
              "path": "/nix/store/9rlf895l3hylijpkz6ykah5sf50dlfg8-vim-9.2.0782",
              "default": true
            },
            {
              "name": "xxd",
              "path": "/nix/store/sf9ldssca23fxymxv8f3dw31cmz92k1l-vim-9.2.0782-xxd",
              "default": true
            }
          ],
          "store_path": "/nix/store/9rlf895l3hylijpkz6ykah5sf50dlfg8-vim-9.2.0782"
        },
        "x86_64-linux": {
          "outputs": [
            {
              "name": "out",
              "path": "/nix/store/kcfbjmxdngamgxgj88q0g7wimbix9ah8-vim-9.2.0782",
              "default": true
            },
            {
              "name": "xxd",
              "path": "/nix/store/abw07pwjbi2ixl0gg4h535qwh0dkmkfz-vim-9.2.0782-xxd",
              "default": true
            }
          ],
          "store_path": "/nix/store/kcfbjmxdngamgxgj88q0g7wimbix9ah8-vim-9.2.0782"
        }
      }
    }
  }
}
